
Microsoft Visual Studio Solution File, Format Version 12.00
# Visual Studio Version 16
VisualStudioVersion = 16.0.31129.286
MinimumVisualStudioVersion = 10.0.40219.1
Project("{2150E333-8FDC-42A3-9474-1A3956D46DE8}") = "Core", "Core", "{5D6AD1F6-174D-4AA5-B4FC-9EC9FEB9275E}"
EndProject
Project("{2150E333-8FDC-42A3-9474-1A3956D46DE8}") = "Infrastructure", "Infrastructure", "{80047D8E-3D4E-4F31-9A9E-2B3CA52204D7}"
EndProject
Project("{2150E333-8FDC-42A3-9474-1A3956D46DE8}") = "Presentation", "Presentation", "{F398834B-CDA5-4E97-B676-897BD3F8B116}"
EndProject
Project("{9A19103F-16F7-4668-BE54-9A1E7A4F7556}") = "Application", "Application\Application.csproj", "{CCB12B16-9D41-491E-ABE1-7DE14672DE27}"
EndProject
Project("{9A19103F-16F7-4668-BE54-9A1E7A4F7556}") = "Domain", "Domain\Domain.csproj", "{5A8DAB70-A959-4E50-A080-485DB2C7BB3B}"
EndProject
Project("{9A19103F-16F7-4668-BE54-9A1E7A4F7556}") = "WebApi", "WebApi\WebApi.csproj", "{91854F03-4A1E-423F-B310-BB2989F48166}"
EndProject
Project("{9A19103F-16F7-4668-BE54-9A1E7A4F7556}") = "Persistence", "Persistence\Persistence.csproj", "{11C95472-900E-44BD-A414-695189B8A17D}"
EndProject
Project("{2150E333-8FDC-42A3-9474-1A3956D46DE8}") = "Tests", "Tests", "{5CDE26BB-7BEE-421E-A2F0-51636216CB75}"
EndProject
Project("{9A19103F-16F7-4668-BE54-9A1E7A4F7556}") = "Infrastructure.Tests", "Infrastructure.Tests\Infrastructure.Tests.csproj", "{6202328B-E408-45B3-86D3-963BD7E782A8}"
EndProject
Project("{9A19103F-16F7-4668-BE54-9A1E7A4F7556}") = "Tests.Helpers", "Tests.Helpers\Tests.Helpers.csproj", "{04441CC7-DA91-4FC6-AC9C-A389CCBA40DD}"
EndProject
Project("{9A19103F-16F7-4668-BE54-9A1E7A4F7556}") = "Presentation.Tests", "Presentation.Tests\Presentation.Tests.csproj", "{3F1C2E20-4427-4A60-A64F-D9CB0F97EA19}"
EndProject
Project("{FAE04EC0-301F-11D3-BF4B-00C04F79EFBC}") = "Core.Tests", "Core.Tests\Core.Tests.csproj", "{C14906C8-BB4D-46C2-9B2A-705DDF4EE174}"
EndProject
Global
	GlobalSection(SolutionConfigurationPlatforms) = preSolution
		Debug|Any CPU = Debug|Any CPU
		Release|Any CPU = Release|Any CPU
	EndGlobalSection
	GlobalSection(ProjectConfigurationPlatforms) = postSolution
		{CCB12B16-9D41-491E-ABE1-7DE14672DE27}.Debug|Any CPU.ActiveCfg = Debug|Any CPU
		{CCB12B16-9D41-491E-ABE1-7DE14672DE27}.Debug|Any CPU.Build.0 = Debug|Any CPU
		{CCB12B16-9D41-491E-ABE1-7DE14672DE27}.Release|Any CPU.ActiveCfg = Release|Any CPU
		{CCB12B16-9D41-491E-ABE1-7DE14672DE27}.Release|Any CPU.Build.0 = Release|Any CPU
		{5A8DAB70-A959-4E50-A080-485DB2C7BB3B}.Debug|Any CPU.ActiveCfg = Debug|Any CPU
		{5A8DAB70-A959-4E50-A080-485DB2C7BB3B}.Debug|Any CPU.Build.0 = Debug|Any CPU
		{5A8DAB70-A959-4E50-A080-485DB2C7BB3B}.Release|Any CPU.ActiveCfg = Release|Any CPU
		{5A8DAB70-A959-4E50-A080-485DB2C7BB3B}.Release|Any CPU.Build.0 = Release|Any CPU
		{91854F03-4A1E-423F-B310-BB2989F48166}.Debug|Any CPU.ActiveCfg = Debug|Any CPU
		{91854F03-4A1E-423F-B310-BB2989F48166}.Debug|Any CPU.Build.0 = Debug|Any CPU
		{91854F03-4A1E-423F-B310-BB2989F48166}.Release|Any CPU.ActiveCfg = Release|Any CPU
		{91854F03-4A1E-423F-B310-BB2989F48166}.Release|Any CPU.Build.0 = Release|Any CPU
		{11C95472-900E-44BD-A414-695189B8A17D}.Debug|Any CPU.ActiveCfg = Debug|Any CPU
		{11C95472-900E-44BD-A414-695189B8A17D}.Debug|Any CPU.Build.0 = Debug|Any CPU
		{11C95472-900E-44BD-A414-695189B8A17D}.Release|Any CPU.ActiveCfg = Release|Any CPU
		{11C95472-900E-44BD-A414-695189B8A17D}.Release|Any CPU.Build.0 = Release|Any CPU
		{6202328B-E408-45B3-86D3-963BD7E782A8}.Debug|Any CPU.ActiveCfg = Debug|Any CPU
		{6202328B-E408-45B3-86D3-963BD7E782A8}.Debug|Any CPU.Build.0 = Debug|Any CPU
		{6202328B-E408-45B3-86D3-963BD7E782A8}.Release|Any CPU.ActiveCfg = Release|Any CPU
		{6202328B-E408-45B3-86D3-963BD7E782A8}.Release|Any CPU.Build.0 = Release|Any CPU
		{04441CC7-DA91-4FC6-AC9C-A389CCBA40DD}.Debug|Any CPU.ActiveCfg = Debug|Any CPU
		{04441CC7-DA91-4FC6-AC9C-A389CCBA40DD}.Debug|Any CPU.Build.0 = Debug|Any CPU
		{04441CC7-DA91-4FC6-AC9C-A389CCBA40DD}.Release|Any CPU.ActiveCfg = Release|Any CPU
		{04441CC7-DA91-4FC6-AC9C-A389CCBA40DD}.Release|Any CPU.Build.0 = Release|Any CPU
		{3F1C2E20-4427-4A60-A64F-D9CB0F97EA19}.Debug|Any CPU.ActiveCfg = Debug|Any CPU
		{3F1C2E20-4427-4A60-A64F-D9CB0F97EA19}.Debug|Any CPU.Build.0 = Debug|Any CPU
		{3F1C2E20-4427-4A60-A64F-D9CB0F97EA19}.Release|Any CPU.ActiveCfg = Release|Any CPU
		{3F1C2E20-4427-4A60-A64F-D9CB0F97EA19}.Release|Any CPU.Build.0 = Release|Any CPU
		{C14906C8-BB4D-46C2-9B2A-705DDF4EE174}.Debug|Any CPU.ActiveCfg = Debug|Any CPU
		{C14906C8-BB4D-46C2-9B2A-705DDF4EE174}.Debug|Any CPU.Build.0 = Debug|Any CPU
		{C14906C8-BB4D-46C2-9B2A-705DDF4EE174}.Release|Any CPU.ActiveCfg = Release|Any CPU
		{C14906C8-BB4D-46C2-9B2A-705DDF4EE174}.Release|Any CPU.Build.0 = Release|Any CPU
	EndGlobalSection
	GlobalSection(SolutionProperties) = preSolution
		HideSolutionNode = FALSE
	EndGlobalSection
	GlobalSection(NestedProjects) = preSolution
		{CCB12B16-9D41-491E-ABE1-7DE14672DE27} = {5D6AD1F6-174D-4AA5-B4FC-9EC9FEB9275E}
		{5A8DAB70-A959-4E50-A080-485DB2C7BB3B} = {5D6AD1F6-174D-4AA5-B4FC-9EC9FEB9275E}
		{91854F03-4A1E-423F-B310-BB2989F48166} = {F398834B-CDA5-4E97-B676-897BD3F8B116}
		{11C95472-900E-44BD-A414-695189B8A17D} = {80047D8E-3D4E-4F31-9A9E-2B3CA52204D7}
		{6202328B-E408-45B3-86D3-963BD7E782A8} = {5CDE26BB-7BEE-421E-A2F0-51636216CB75}
		{04441CC7-DA91-4FC6-AC9C-A389CCBA40DD} = {5CDE26BB-7BEE-421E-A2F0-51636216CB75}
		{3F1C2E20-4427-4A60-A64F-D9CB0F97EA19} = {5CDE26BB-7BEE-421E-A2F0-51636216CB75}
		{C14906C8-BB4D-46C2-9B2A-705DDF4EE174} = {5CDE26BB-7BEE-421E-A2F0-51636216CB75}
	EndGlobalSection
	GlobalSection(ExtensibilityGlobals) = postSolution
		SolutionGuid = {5F155908-F9A5-4CD1-AEDA-2A1FF2CC39A8}
	EndGlobalSection
EndGlobal
